
Microsoft Visual Studio Solution File, Format Version 12.00
# Visual Studio 14
VisualStudioVersion = 14.0.25420.1
MinimumVisualStudioVersion = 10.0.40219.1
Project("{FAE04EC0-301F-11D3-BF4B-00C04F79EFBC}") = "MetalLiqViajes_Bll_Data", "MetalLiqViajes_Bll_Data\MetalLiqViajes_Bll_Data.csproj", "{99D94A85-A3F9-4C2C-8E5F-D70E7ED59350}"
EndProject
Project("{FAE04EC0-301F-11D3-BF4B-00C04F79EFBC}") = "MetalLiqViajes_UtilDatos", "MetalLiqViajes_UtilDatos\MetalLiqViajes_UtilDatos.csproj", "{B7D9381F-5764-4EFE-AE20-BBD5C2E40316}"
EndProject
Project("{FAE04EC0-301F-11D3-BF4B-00C04F79EFBC}") = "MetalLiqViajes_Forms", "..\LiquidacionViajes\MetalLiqViajes_Forms\MetalLiqViajes_Forms\MetalLiqViajes_Forms.csproj", "{C08C0618-7EBD-4EEB-9A6F-68FCF0FDEC44}"
EndProject
Global
	GlobalSection(SolutionConfigurationPlatforms) = preSolution
		Credinet|Any CPU = Credinet|Any CPU
		Credinet|x64 = Credinet|x64
		Credinet|x86 = Credinet|x86
		DEBUG 64|Any CPU = DEBUG 64|Any CPU
		DEBUG 64|x64 = DEBUG 64|x64
		DEBUG 64|x86 = DEBUG 64|x86
		Debug|Any CPU = Debug|Any CPU
		Debug|x64 = Debug|x64
		Debug|x86 = Debug|x86
		Release|Any CPU = Release|Any CPU
		Release|x64 = Release|x64
		Release|x86 = Release|x86
	EndGlobalSection
	GlobalSection(ProjectConfigurationPlatforms) = postSolution
		{99D94A85-A3F9-4C2C-8E5F-D70E7ED59350}.Credinet|Any CPU.ActiveCfg = Release|Any CPU
		{99D94A85-A3F9-4C2C-8E5F-D70E7ED59350}.Credinet|Any CPU.Build.0 = Release|Any CPU
		{99D94A85-A3F9-4C2C-8E5F-D70E7ED59350}.Credinet|x64.ActiveCfg = Release|Any CPU
		{99D94A85-A3F9-4C2C-8E5F-D70E7ED59350}.Credinet|x64.Build.0 = Release|Any CPU
		{99D94A85-A3F9-4C2C-8E5F-D70E7ED59350}.Credinet|x86.ActiveCfg = Release|Any CPU
		{99D94A85-A3F9-4C2C-8E5F-D70E7ED59350}.Credinet|x86.Build.0 = Release|Any CPU
		{99D94A85-A3F9-4C2C-8E5F-D70E7ED59350}.DEBUG 64|Any CPU.ActiveCfg = Debug|Any CPU
		{99D94A85-A3F9-4C2C-8E5F-D70E7ED59350}.DEBUG 64|Any CPU.Build.0 = Debug|Any CPU
		{99D94A85-A3F9-4C2C-8E5F-D70E7ED59350}.DEBUG 64|x64.ActiveCfg = Debug|Any CPU
		{99D94A85-A3F9-4C2C-8E5F-D70E7ED59350}.DEBUG 64|x64.Build.0 = Debug|Any CPU
		{99D94A85-A3F9-4C2C-8E5F-D70E7ED59350}.DEBUG 64|x86.ActiveCfg = Debug|Any CPU
		{99D94A85-A3F9-4C2C-8E5F-D70E7ED59350}.DEBUG 64|x86.Build.0 = Debug|Any CPU
		{99D94A85-A3F9-4C2C-8E5F-D70E7ED59350}.Debug|Any CPU.ActiveCfg = Debug|Any CPU
		{99D94A85-A3F9-4C2C-8E5F-D70E7ED59350}.Debug|Any CPU.Build.0 = Debug|Any CPU
		{99D94A85-A3F9-4C2C-8E5F-D70E7ED59350}.Debug|x64.ActiveCfg = Debug|Any CPU
		{99D94A85-A3F9-4C2C-8E5F-D70E7ED59350}.Debug|x64.Build.0 = Debug|Any CPU
		{99D94A85-A3F9-4C2C-8E5F-D70E7ED59350}.Debug|x86.ActiveCfg = Debug|Any CPU
		{99D94A85-A3F9-4C2C-8E5F-D70E7ED59350}.Debug|x86.Build.0 = Debug|Any CPU
		{99D94A85-A3F9-4C2C-8E5F-D70E7ED59350}.Release|Any CPU.ActiveCfg = Release|Any CPU
		{99D94A85-A3F9-4C2C-8E5F-D70E7ED59350}.Release|Any CPU.Build.0 = Release|Any CPU
		{99D94A85-A3F9-4C2C-8E5F-D70E7ED59350}.Release|x64.ActiveCfg = Release|Any CPU
		{99D94A85-A3F9-4C2C-8E5F-D70E7ED59350}.Release|x64.Build.0 = Release|Any CPU
		{99D94A85-A3F9-4C2C-8E5F-D70E7ED59350}.Release|x86.ActiveCfg = Release|Any CPU
		{99D94A85-A3F9-4C2C-8E5F-D70E7ED59350}.Release|x86.Build.0 = Release|Any CPU
		{B7D9381F-5764-4EFE-AE20-BBD5C2E40316}.Credinet|Any CPU.ActiveCfg = Credinet|Any CPU
		{B7D9381F-5764-4EFE-AE20-BBD5C2E40316}.Credinet|Any CPU.Build.0 = Credinet|Any CPU
		{B7D9381F-5764-4EFE-AE20-BBD5C2E40316}.Credinet|x64.ActiveCfg = Credinet|x64
		{B7D9381F-5764-4EFE-AE20-BBD5C2E40316}.Credinet|x64.Build.0 = Credinet|x64
		{B7D9381F-5764-4EFE-AE20-BBD5C2E40316}.Credinet|x86.ActiveCfg = Credinet|x86
		{B7D9381F-5764-4EFE-AE20-BBD5C2E40316}.Credinet|x86.Build.0 = Credinet|x86
		{B7D9381F-5764-4EFE-AE20-BBD5C2E40316}.DEBUG 64|Any CPU.ActiveCfg = DEBUG 64|Any CPU
		{B7D9381F-5764-4EFE-AE20-BBD5C2E40316}.DEBUG 64|Any CPU.Build.0 = DEBUG 64|Any CPU
		{B7D9381F-5764-4EFE-AE20-BBD5C2E40316}.DEBUG 64|x64.ActiveCfg = DEBUG 64|x64
		{B7D9381F-5764-4EFE-AE20-BBD5C2E40316}.DEBUG 64|x64.Build.0 = DEBUG 64|x64
		{B7D9381F-5764-4EFE-AE20-BBD5C2E40316}.DEBUG 64|x86.ActiveCfg = DEBUG 64|x86
		{B7D9381F-5764-4EFE-AE20-BBD5C2E40316}.DEBUG 64|x86.Build.0 = DEBUG 64|x86
		{B7D9381F-5764-4EFE-AE20-BBD5C2E40316}.Debug|Any CPU.ActiveCfg = Debug|Any CPU
		{B7D9381F-5764-4EFE-AE20-BBD5C2E40316}.Debug|Any CPU.Build.0 = Debug|Any CPU
		{B7D9381F-5764-4EFE-AE20-BBD5C2E40316}.Debug|x64.ActiveCfg = Debug|x64
		{B7D9381F-5764-4EFE-AE20-BBD5C2E40316}.Debug|x64.Build.0 = Debug|x64
		{B7D9381F-5764-4EFE-AE20-BBD5C2E40316}.Debug|x86.ActiveCfg = Debug|x86
		{B7D9381F-5764-4EFE-AE20-BBD5C2E40316}.Debug|x86.Build.0 = Debug|x86
		{B7D9381F-5764-4EFE-AE20-BBD5C2E40316}.Release|Any CPU.ActiveCfg = Release|Any CPU
		{B7D9381F-5764-4EFE-AE20-BBD5C2E40316}.Release|Any CPU.Build.0 = Release|Any CPU
		{B7D9381F-5764-4EFE-AE20-BBD5C2E40316}.Release|x64.ActiveCfg = Release|x64
		{B7D9381F-5764-4EFE-AE20-BBD5C2E40316}.Release|x64.Build.0 = Release|x64
		{B7D9381F-5764-4EFE-AE20-BBD5C2E40316}.Release|x86.ActiveCfg = Release|x86
		{B7D9381F-5764-4EFE-AE20-BBD5C2E40316}.Release|x86.Build.0 = Release|x86
		{C08C0618-7EBD-4EEB-9A6F-68FCF0FDEC44}.Credinet|Any CPU.ActiveCfg = Release|Any CPU
		{C08C0618-7EBD-4EEB-9A6F-68FCF0FDEC44}.Credinet|Any CPU.Build.0 = Release|Any CPU
		{C08C0618-7EBD-4EEB-9A6F-68FCF0FDEC44}.Credinet|x64.ActiveCfg = Release|Any CPU
		{C08C0618-7EBD-4EEB-9A6F-68FCF0FDEC44}.Credinet|x64.Build.0 = Release|Any CPU
		{C08C0618-7EBD-4EEB-9A6F-68FCF0FDEC44}.Credinet|x86.ActiveCfg = Release|Any CPU
		{C08C0618-7EBD-4EEB-9A6F-68FCF0FDEC44}.Credinet|x86.Build.0 = Release|Any CPU
		{C08C0618-7EBD-4EEB-9A6F-68FCF0FDEC44}.DEBUG 64|Any CPU.ActiveCfg = Debug|Any CPU
		{C08C0618-7EBD-4EEB-9A6F-68FCF0FDEC44}.DEBUG 64|Any CPU.Build.0 = Debug|Any CPU
		{C08C0618-7EBD-4EEB-9A6F-68FCF0FDEC44}.DEBUG 64|x64.ActiveCfg = Debug|Any CPU
		{C08C0618-7EBD-4EEB-9A6F-68FCF0FDEC44}.DEBUG 64|x64.Build.0 = Debug|Any CPU
		{C08C0618-7EBD-4EEB-9A6F-68FCF0FDEC44}.DEBUG 64|x86.ActiveCfg = Debug|Any CPU
		{C08C0618-7EBD-4EEB-9A6F-68FCF0FDEC44}.DEBUG 64|x86.Build.0 = Debug|Any CPU
		{C08C0618-7EBD-4EEB-9A6F-68FCF0FDEC44}.Debug|Any CPU.ActiveCfg = Debug|Any CPU
		{C08C0618-7EBD-4EEB-9A6F-68FCF0FDEC44}.Debug|Any CPU.Build.0 = Debug|Any CPU
		{C08C0618-7EBD-4EEB-9A6F-68FCF0FDEC44}.Debug|x64.ActiveCfg = Debug|Any CPU
		{C08C0618-7EBD-4EEB-9A6F-68FCF0FDEC44}.Debug|x64.Build.0 = Debug|Any CPU
		{C08C0618-7EBD-4EEB-9A6F-68FCF0FDEC44}.Debug|x86.ActiveCfg = Debug|Any CPU
		{C08C0618-7EBD-4EEB-9A6F-68FCF0FDEC44}.Debug|x86.Build.0 = Debug|Any CPU
		{C08C0618-7EBD-4EEB-9A6F-68FCF0FDEC44}.Release|Any CPU.ActiveCfg = Release|Any CPU
		{C08C0618-7EBD-4EEB-9A6F-68FCF0FDEC44}.Release|Any CPU.Build.0 = Release|Any CPU
		{C08C0618-7EBD-4EEB-9A6F-68FCF0FDEC44}.Release|x64.ActiveCfg = Release|Any CPU
		{C08C0618-7EBD-4EEB-9A6F-68FCF0FDEC44}.Release|x64.Build.0 = Release|Any CPU
		{C08C0618-7EBD-4EEB-9A6F-68FCF0FDEC44}.Release|x86.ActiveCfg = Release|Any CPU
		{C08C0618-7EBD-4EEB-9A6F-68FCF0FDEC44}.Release|x86.Build.0 = Release|Any CPU
	EndGlobalSection
	GlobalSection(SolutionProperties) = preSolution
		HideSolutionNode = FALSE
	EndGlobalSection
	GlobalSection(ExtensibilityGlobals) = postSolution
		SolutionGuid = {322BC5F4-5A75-4D99-B5B7-8F00A6DABFEE}
	EndGlobalSection
EndGlobal
